
Microsoft Visual Studio Solution File, Format Version 12.00
# Visual Studio Version 16
VisualStudioVersion = 16.0.31410.357
MinimumVisualStudioVersion = 10.0.40219.1
Project("{FAE04EC0-301F-11D3-BF4B-00C04F79EFBC}") = "Dictionary", "Dictionary\Dictionary.csproj", "{6FE3076A-B842-4A21-9491-1EF37C6A0F04}"
EndProject
Global
	GlobalSection(SolutionConfigurationPlatforms) = preSolution
		Debug|Any CPU = Debug|Any CPU
		Release|Any CPU = Release|Any CPU
	EndGlobalSection
	GlobalSection(ProjectConfigurationPlatforms) = postSolution
		{6FE3076A-B842-4A21-9491-1EF37C6A0F04}.Debug|Any CPU.ActiveCfg = Debug|Any CPU
		{6FE3076A-B842-4A21-9491-1EF37C6A0F04}.Debug|Any CPU.Build.0 = Debug|Any CPU
		{6FE3076A-B842-4A21-9491-1EF37C6A0F04}.Release|Any CPU.ActiveCfg = Release|Any CPU
		{6FE3076A-B842-4A21-9491-1EF37C6A0F04}.Release|Any CPU.Build.0 = Release|Any CPU
	EndGlobalSection
	GlobalSection(SolutionProperties) = preSolution
		HideSolutionNode = FALSE
	EndGlobalSection
	GlobalSection(ExtensibilityGlobals) = postSolution
		SolutionGuid = {856BE284-0674-4920-A79D-3919D4AE9B18}
	EndGlobalSection
EndGlobal
